{
    "requires": true,
    "lockfileVersion": 1,
    "dependencies": {
        "pikaday": {
            "version": "1.8.2",
            "resolved": "https://registry.npmjs.org/pikaday/-/pikaday-1.8.2.tgz",
            "integrity": "sha512-TNtsE+34BIax3WtkB/qqu5uepV1McKYEgvL3kWzU7aqPCpMEN6rBF3AOwu4WCwAealWlBGobXny/9kJb49C1ew=="
        },
        "sweetalert2": {
            "version": "10.15.0",
            "resolved": "https://registry.npmjs.org/sweetalert2/-/sweetalert2-10.15.0.tgz",
            "integrity": "sha512-zh/4URSGH1b2RrJuPHI9nzcKsg1qMuRCNkmgVILJ+sQavXQn5jRx+ocCUN15vdGi05oavwdbMaXg2qjgr9Lplw=="
        }
    }
}
